// !$*UTF8*$!
{
	archiveVersion = 1;
	classes = {
	};
	objectVersion = 46;
	objects = {

/* Begin PBXBuildFile section */
		2A69B05F1A0E0C3000CBDDE4 /* AppDelegate.swift in Sources */ = {isa = PBXBuildFile; fileRef = 2A69B05E1A0E0C3000CBDDE4 /* AppDelegate.swift */; };
		2A69B0621A0E0C3000CBDDE4 /* Spontaneity.xcdatamodeld in Sources */ = {isa = PBXBuildFile; fileRef = 2A69B0601A0E0C3000CBDDE4 /* Spontaneity.xcdatamodeld */; };
		2A69B0671A0E0C3000CBDDE4 /* Main.storyboard in Resources */ = {isa = PBXBuildFile; fileRef = 2A69B0651A0E0C3000CBDDE4 /* Main.storyboard */; };
		2A69B0691A0E0C3000CBDDE4 /* Images.xcassets in Resources */ = {isa = PBXBuildFile; fileRef = 2A69B0681A0E0C3000CBDDE4 /* Images.xcassets */; };
		2A69B06C1A0E0C3000CBDDE4 /* LaunchScreen.xib in Resources */ = {isa = PBXBuildFile; fileRef = 2A69B06A1A0E0C3000CBDDE4 /* LaunchScreen.xib */; };
		2A69B0781A0E0C3000CBDDE4 /* SpontaneityTests.swift in Sources */ = {isa = PBXBuildFile; fileRef = 2A69B0771A0E0C3000CBDDE4 /* SpontaneityTests.swift */; };
		2A69B0851A0E0CB600CBDDE4 /* Bolts.framework in Frameworks */ = {isa = PBXBuildFile; fileRef = 2A69B0811A0E0CB600CBDDE4 /* Bolts.framework */; };
		2A69B0861A0E0CB600CBDDE4 /* Parse.framework in Frameworks */ = {isa = PBXBuildFile; fileRef = 2A69B0821A0E0CB600CBDDE4 /* Parse.framework */; };
		2A69B0881A0E0CB600CBDDE4 /* ParseUI.framework in Frameworks */ = {isa = PBXBuildFile; fileRef = 2A69B0841A0E0CB600CBDDE4 /* ParseUI.framework */; };
		2A69B08B1A0E0D1700CBDDE4 /* AudioToolbox.framework in Frameworks */ = {isa = PBXBuildFile; fileRef = 2A69B08A1A0E0D1700CBDDE4 /* AudioToolbox.framework */; };
		2A69B08D1A0E0D1D00CBDDE4 /* CFNetwork.framework in Frameworks */ = {isa = PBXBuildFile; fileRef = 2A69B08C1A0E0D1D00CBDDE4 /* CFNetwork.framework */; };
		2A69B08F1A0E0D2300CBDDE4 /* CoreGraphics.framework in Frameworks */ = {isa = PBXBuildFile; fileRef = 2A69B08E1A0E0D2300CBDDE4 /* CoreGraphics.framework */; };
		2A69B0911A0E0D2A00CBDDE4 /* CoreLocation.framework in Frameworks */ = {isa = PBXBuildFile; fileRef = 2A69B0901A0E0D2A00CBDDE4 /* CoreLocation.framework */; };
		2A69B0931A0E0D3000CBDDE4 /* libz.dylib in Frameworks */ = {isa = PBXBuildFile; fileRef = 2A69B0921A0E0D3000CBDDE4 /* libz.dylib */; };
		2A69B0951A0E0D3700CBDDE4 /* MobileCoreServices.framework in Frameworks */ = {isa = PBXBuildFile; fileRef = 2A69B0941A0E0D3700CBDDE4 /* MobileCoreServices.framework */; };
		2A69B0971A0E0D3C00CBDDE4 /* QuartzCore.framework in Frameworks */ = {isa = PBXBuildFile; fileRef = 2A69B0961A0E0D3C00CBDDE4 /* QuartzCore.framework */; };
		2A69B0991A0E0D4100CBDDE4 /* Security.framework in Frameworks */ = {isa = PBXBuildFile; fileRef = 2A69B0981A0E0D4100CBDDE4 /* Security.framework */; };
		2A69B09B1A0E0D4800CBDDE4 /* StoreKit.framework in Frameworks */ = {isa = PBXBuildFile; fileRef = 2A69B09A1A0E0D4800CBDDE4 /* StoreKit.framework */; };
		2A69B09D1A0E0D4F00CBDDE4 /* SystemConfiguration.framework in Frameworks */ = {isa = PBXBuildFile; fileRef = 2A69B09C1A0E0D4F00CBDDE4 /* SystemConfiguration.framework */; };
		2A69B0A41A0E1E1C00CBDDE4 /* Twitter.framework in Frameworks */ = {isa = PBXBuildFile; fileRef = 2A69B0A31A0E1E1C00CBDDE4 /* Twitter.framework */; };
		2A69B0A61A0E1E3600CBDDE4 /* Social.framework in Frameworks */ = {isa = PBXBuildFile; fileRef = 2A69B0A51A0E1E3600CBDDE4 /* Social.framework */; };
		2A69B0A81A0E1E5900CBDDE4 /* Accounts.framework in Frameworks */ = {isa = PBXBuildFile; fileRef = 2A69B0A71A0E1E5900CBDDE4 /* Accounts.framework */; };
		2A69B0AF1A0E245100CBDDE4 /* WelcomeViewController.swift in Sources */ = {isa = PBXBuildFile; fileRef = 2A69B0AE1A0E245100CBDDE4 /* WelcomeViewController.swift */; };
		2A69B0B21A0E27AA00CBDDE4 /* 974-users.png in Resources */ = {isa = PBXBuildFile; fileRef = 2A69B0B01A0E27AA00CBDDE4 /* 974-users.png */; };
		2A69B0B31A0E27AA00CBDDE4 /* 974-users@2x.png in Resources */ = {isa = PBXBuildFile; fileRef = 2A69B0B11A0E27AA00CBDDE4 /* 974-users@2x.png */; };
		2A69B0BB1A0E282D00CBDDE4 /* 769-male.png in Resources */ = {isa = PBXBuildFile; fileRef = 2A69B0B91A0E282D00CBDDE4 /* 769-male.png */; };
		2A69B0BC1A0E282D00CBDDE4 /* 769-male@2x.png in Resources */ = {isa = PBXBuildFile; fileRef = 2A69B0BA1A0E282D00CBDDE4 /* 769-male@2x.png */; };
		2A69B0C51A0E2A1B00CBDDE4 /* MainTabBarViewController.swift in Sources */ = {isa = PBXBuildFile; fileRef = 2A69B0C41A0E2A1B00CBDDE4 /* MainTabBarViewController.swift */; };
		2A69B0C71A0E2C7100CBDDE4 /* PeopleViewController.swift in Sources */ = {isa = PBXBuildFile; fileRef = 2A69B0C61A0E2C7100CBDDE4 /* PeopleViewController.swift */; };
		2A69B0CA1A0E2E5600CBDDE4 /* 740-gear.png in Resources */ = {isa = PBXBuildFile; fileRef = 2A69B0C81A0E2E5600CBDDE4 /* 740-gear.png */; };
		2A69B0CB1A0E2E5600CBDDE4 /* 740-gear@2x.png in Resources */ = {isa = PBXBuildFile; fileRef = 2A69B0C91A0E2E5600CBDDE4 /* 740-gear@2x.png */; };
		2A69B0D41A0E324B00CBDDE4 /* UIImage+GKContact.m in Sources */ = {isa = PBXBuildFile; fileRef = 2A69B0D31A0E324B00CBDDE4 /* UIImage+GKContact.m */; };
		2A69B0D61A0E3E1600CBDDE4 /* FacebookSDK.framework in Frameworks */ = {isa = PBXBuildFile; fileRef = 2A69B0D51A0E3E1600CBDDE4 /* FacebookSDK.framework */; };
		2A69B0D81A0E3F2D00CBDDE4 /* ParseFacebookUtils.framework in Frameworks */ = {isa = PBXBuildFile; fileRef = 2A69B0D71A0E3F2D00CBDDE4 /* ParseFacebookUtils.framework */; };
		2A69B0DE1A0E9B9500CBDDE4 /* FB-fLogo-online-broadcast.png in Resources */ = {isa = PBXBuildFile; fileRef = 2A69B0DD1A0E9B9500CBDDE4 /* FB-fLogo-online-broadcast.png */; };
		2A69B0E01A0ED32500CBDDE4 /* JoinViewController.swift in Sources */ = {isa = PBXBuildFile; fileRef = 2A69B0DF1A0ED32500CBDDE4 /* JoinViewController.swift */; };
		2A69B0E21A0EE77E00CBDDE4 /* LoginViewController.swift in Sources */ = {isa = PBXBuildFile; fileRef = 2A69B0E11A0EE77E00CBDDE4 /* LoginViewController.swift */; };
		2A69B0E41A0EF1A200CBDDE4 /* ProfileViewController.swift in Sources */ = {isa = PBXBuildFile; fileRef = 2A69B0E31A0EF1A200CBDDE4 /* ProfileViewController.swift */; };
/* End PBXBuildFile section */

/* Begin PBXContainerItemProxy section */
		2A69B0721A0E0C3000CBDDE4 /* PBXContainerItemProxy */ = {
			isa = PBXContainerItemProxy;
			containerPortal = 2A69B0511A0E0C3000CBDDE4 /* Project object */;
			proxyType = 1;
			remoteGlobalIDString = 2A69B0581A0E0C3000CBDDE4;
			remoteInfo = Spontaneity;
		};
/* End PBXContainerItemProxy section */

/* Begin PBXFileReference section */
		2A69B0591A0E0C3000CBDDE4 /* Spontaneity.app */ = {isa = PBXFileReference; explicitFileType = wrapper.application; includeInIndex = 0; path = Spontaneity.app; sourceTree = BUILT_PRODUCTS_DIR; };
		2A69B05D1A0E0C3000CBDDE4 /* Info.plist */ = {isa = PBXFileReference; lastKnownFileType = text.plist.xml; path = Info.plist; sourceTree = "<group>"; };
		2A69B05E1A0E0C3000CBDDE4 /* AppDelegate.swift */ = {isa = PBXFileReference; lastKnownFileType = sourcecode.swift; path = AppDelegate.swift; sourceTree = "<group>"; };
		2A69B0611A0E0C3000CBDDE4 /* Spontaneity.xcdatamodel */ = {isa = PBXFileReference; lastKnownFileType = wrapper.xcdatamodel; path = Spontaneity.xcdatamodel; sourceTree = "<group>"; };
		2A69B0661A0E0C3000CBDDE4 /* Base */ = {isa = PBXFileReference; lastKnownFileType = file.storyboard; name = Base; path = Base.lproj/Main.storyboard; sourceTree = "<group>"; };
		2A69B0681A0E0C3000CBDDE4 /* Images.xcassets */ = {isa = PBXFileReference; lastKnownFileType = folder.assetcatalog; path = Images.xcassets; sourceTree = "<group>"; };
		2A69B06B1A0E0C3000CBDDE4 /* Base */ = {isa = PBXFileReference; lastKnownFileType = file.xib; name = Base; path = Base.lproj/LaunchScreen.xib; sourceTree = "<group>"; };
		2A69B0711A0E0C3000CBDDE4 /* SpontaneityTests.xctest */ = {isa = PBXFileReference; explicitFileType = wrapper.cfbundle; includeInIndex = 0; path = SpontaneityTests.xctest; sourceTree = BUILT_PRODUCTS_DIR; };
		2A69B0761A0E0C3000CBDDE4 /* Info.plist */ = {isa = PBXFileReference; lastKnownFileType = text.plist.xml; path = Info.plist; sourceTree = "<group>"; };
		2A69B0771A0E0C3000CBDDE4 /* SpontaneityTests.swift */ = {isa = PBXFileReference; lastKnownFileType = sourcecode.swift; path = SpontaneityTests.swift; sourceTree = "<group>"; };
		2A69B0811A0E0CB600CBDDE4 /* Bolts.framework */ = {isa = PBXFileReference; lastKnownFileType = wrapper.framework; path = Bolts.framework; sourceTree = "<group>"; };
		2A69B0821A0E0CB600CBDDE4 /* Parse.framework */ = {isa = PBXFileReference; lastKnownFileType = wrapper.framework; path = Parse.framework; sourceTree = "<group>"; };
		2A69B0841A0E0CB600CBDDE4 /* ParseUI.framework */ = {isa = PBXFileReference; lastKnownFileType = wrapper.framework; path = ParseUI.framework; sourceTree = "<group>"; };
		2A69B08A1A0E0D1700CBDDE4 /* AudioToolbox.framework */ = {isa = PBXFileReference; lastKnownFileType = wrapper.framework; name = AudioToolbox.framework; path = System/Library/Frameworks/AudioToolbox.framework; sourceTree = SDKROOT; };
		2A69B08C1A0E0D1D00CBDDE4 /* CFNetwork.framework */ = {isa = PBXFileReference; lastKnownFileType = wrapper.framework; name = CFNetwork.framework; path = System/Library/Frameworks/CFNetwork.framework; sourceTree = SDKROOT; };
		2A69B08E1A0E0D2300CBDDE4 /* CoreGraphics.framework */ = {isa = PBXFileReference; lastKnownFileType = wrapper.framework; name = CoreGraphics.framework; path = System/Library/Frameworks/CoreGraphics.framework; sourceTree = SDKROOT; };
		2A69B0901A0E0D2A00CBDDE4 /* CoreLocation.framework */ = {isa = PBXFileReference; lastKnownFileType = wrapper.framework; name = CoreLocation.framework; path = System/Library/Frameworks/CoreLocation.framework; sourceTree = SDKROOT; };
		2A69B0921A0E0D3000CBDDE4 /* libz.dylib */ = {isa = PBXFileReference; lastKnownFileType = "compiled.mach-o.dylib"; name = libz.dylib; path = usr/lib/libz.dylib; sourceTree = SDKROOT; };
		2A69B0941A0E0D3700CBDDE4 /* MobileCoreServices.framework */ = {isa = PBXFileReference; lastKnownFileType = wrapper.framework; name = MobileCoreServices.framework; path = System/Library/Frameworks/MobileCoreServices.framework; sourceTree = SDKROOT; };
		2A69B0961A0E0D3C00CBDDE4 /* QuartzCore.framework */ = {isa = PBXFileReference; lastKnownFileType = wrapper.framework; name = QuartzCore.framework; path = System/Library/Frameworks/QuartzCore.framework; sourceTree = SDKROOT; };
		2A69B0981A0E0D4100CBDDE4 /* Security.framework */ = {isa = PBXFileReference; lastKnownFileType = wrapper.framework; name = Security.framework; path = System/Library/Frameworks/Security.framework; sourceTree = SDKROOT; };
		2A69B09A1A0E0D4800CBDDE4 /* StoreKit.framework */ = {isa = PBXFileReference; lastKnownFileType = wrapper.framework; name = StoreKit.framework; path = System/Library/Frameworks/StoreKit.framework; sourceTree = SDKROOT; };
		2A69B09C1A0E0D4F00CBDDE4 /* SystemConfiguration.framework */ = {isa = PBXFileReference; lastKnownFileType = wrapper.framework; name = SystemConfiguration.framework; path = System/Library/Frameworks/SystemConfiguration.framework; sourceTree = SDKROOT; };
		2A69B09E1A0E0D7200CBDDE4 /* Spontaneity.xcodeproj */ = {isa = PBXFileReference; lastKnownFileType = "wrapper.pb-project"; name = Spontaneity.xcodeproj; path = /Users/Ayush/Desktop/Spontaneity/Spontaneity.xcodeproj; sourceTree = "<absolute>"; };
		2A69B0A31A0E1E1C00CBDDE4 /* Twitter.framework */ = {isa = PBXFileReference; lastKnownFileType = wrapper.framework; name = Twitter.framework; path = System/Library/Frameworks/Twitter.framework; sourceTree = SDKROOT; };
		2A69B0A51A0E1E3600CBDDE4 /* Social.framework */ = {isa = PBXFileReference; lastKnownFileType = wrapper.framework; name = Social.framework; path = System/Library/Frameworks/Social.framework; sourceTree = SDKROOT; };
		2A69B0A71A0E1E5900CBDDE4 /* Accounts.framework */ = {isa = PBXFileReference; lastKnownFileType = wrapper.framework; name = Accounts.framework; path = System/Library/Frameworks/Accounts.framework; sourceTree = SDKROOT; };
		2A69B0AE1A0E245100CBDDE4 /* WelcomeViewController.swift */ = {isa = PBXFileReference; fileEncoding = 4; lastKnownFileType = sourcecode.swift; path = WelcomeViewController.swift; sourceTree = "<group>"; };
		2A69B0B01A0E27AA00CBDDE4 /* 974-users.png */ = {isa = PBXFileReference; lastKnownFileType = image.png; path = "974-users.png"; sourceTree = "<group>"; };
		2A69B0B11A0E27AA00CBDDE4 /* 974-users@2x.png */ = {isa = PBXFileReference; lastKnownFileType = image.png; path = "974-users@2x.png"; sourceTree = "<group>"; };
		2A69B0B91A0E282D00CBDDE4 /* 769-male.png */ = {isa = PBXFileReference; lastKnownFileType = image.png; path = "769-male.png"; sourceTree = "<group>"; };
		2A69B0BA1A0E282D00CBDDE4 /* 769-male@2x.png */ = {isa = PBXFileReference; lastKnownFileType = image.png; path = "769-male@2x.png"; sourceTree = "<group>"; };
		2A69B0C41A0E2A1B00CBDDE4 /* MainTabBarViewController.swift */ = {isa = PBXFileReference; fileEncoding = 4; lastKnownFileType = sourcecode.swift; path = MainTabBarViewController.swift; sourceTree = "<group>"; };
		2A69B0C61A0E2C7100CBDDE4 /* PeopleViewController.swift */ = {isa = PBXFileReference; fileEncoding = 4; lastKnownFileType = sourcecode.swift; path = PeopleViewController.swift; sourceTree = "<group>"; };
		2A69B0C81A0E2E5600CBDDE4 /* 740-gear.png */ = {isa = PBXFileReference; lastKnownFileType = image.png; path = "740-gear.png"; sourceTree = "<group>"; };
		2A69B0C91A0E2E5600CBDDE4 /* 740-gear@2x.png */ = {isa = PBXFileReference; lastKnownFileType = image.png; path = "740-gear@2x.png"; sourceTree = "<group>"; };
		2A69B0D11A0E324300CBDDE4 /* UIImage+GKContact.h */ = {isa = PBXFileReference; lastKnownFileType = sourcecode.c.h; path = "UIImage+GKContact.h"; sourceTree = "<group>"; };
		2A69B0D21A0E324A00CBDDE4 /* Spontaneity-Bridging-Header.h */ = {isa = PBXFileReference; lastKnownFileType = sourcecode.c.h; path = "Spontaneity-Bridging-Header.h"; sourceTree = "<group>"; };
		2A69B0D31A0E324B00CBDDE4 /* UIImage+GKContact.m */ = {isa = PBXFileReference; fileEncoding = 4; lastKnownFileType = sourcecode.c.objc; path = "UIImage+GKContact.m"; sourceTree = "<group>"; };
		2A69B0D51A0E3E1600CBDDE4 /* FacebookSDK.framework */ = {isa = PBXFileReference; lastKnownFileType = wrapper.framework; path = FacebookSDK.framework; sourceTree = "<group>"; };
		2A69B0D71A0E3F2D00CBDDE4 /* ParseFacebookUtils.framework */ = {isa = PBXFileReference; lastKnownFileType = wrapper.framework; path = ParseFacebookUtils.framework; sourceTree = "<group>"; };
		2A69B0DD1A0E9B9500CBDDE4 /* FB-fLogo-online-broadcast.png */ = {isa = PBXFileReference; lastKnownFileType = image.png; path = "FB-fLogo-online-broadcast.png"; sourceTree = "<group>"; };
		2A69B0DF1A0ED32500CBDDE4 /* JoinViewController.swift */ = {isa = PBXFileReference; fileEncoding = 4; lastKnownFileType = sourcecode.swift; path = JoinViewController.swift; sourceTree = "<group>"; };
		2A69B0E11A0EE77E00CBDDE4 /* LoginViewController.swift */ = {isa = PBXFileReference; fileEncoding = 4; lastKnownFileType = sourcecode.swift; path = LoginViewController.swift; sourceTree = "<group>"; };
		2A69B0E31A0EF1A200CBDDE4 /* ProfileViewController.swift */ = {isa = PBXFileReference; fileEncoding = 4; lastKnownFileType = sourcecode.swift; path = ProfileViewController.swift; sourceTree = "<group>"; };
/* End PBXFileReference section */

/* Begin PBXFrameworksBuildPhase section */
		2A69B0561A0E0C3000CBDDE4 /* Frameworks */ = {
			isa = PBXFrameworksBuildPhase;
			buildActionMask = 2147483647;
			files = (
				2A69B0A81A0E1E5900CBDDE4 /* Accounts.framework in Frameworks */,
				2A69B0A61A0E1E3600CBDDE4 /* Social.framework in Frameworks */,
				2A69B0D81A0E3F2D00CBDDE4 /* ParseFacebookUtils.framework in Frameworks */,
				2A69B0A41A0E1E1C00CBDDE4 /* Twitter.framework in Frameworks */,
				2A69B09D1A0E0D4F00CBDDE4 /* SystemConfiguration.framework in Frameworks */,
				2A69B08B1A0E0D1700CBDDE4 /* AudioToolbox.framework in Frameworks */,
				2A69B0D61A0E3E1600CBDDE4 /* FacebookSDK.framework in Frameworks */,
				2A69B08D1A0E0D1D00CBDDE4 /* CFNetwork.framework in Frameworks */,
				2A69B08F1A0E0D2300CBDDE4 /* CoreGraphics.framework in Frameworks */,
				2A69B0911A0E0D2A00CBDDE4 /* CoreLocation.framework in Frameworks */,
				2A69B0931A0E0D3000CBDDE4 /* libz.dylib in Frameworks */,
				2A69B0951A0E0D3700CBDDE4 /* MobileCoreServices.framework in Frameworks */,
				2A69B0971A0E0D3C00CBDDE4 /* QuartzCore.framework in Frameworks */,
				2A69B0991A0E0D4100CBDDE4 /* Security.framework in Frameworks */,
				2A69B09B1A0E0D4800CBDDE4 /* StoreKit.framework in Frameworks */,
				2A69B0861A0E0CB600CBDDE4 /* Parse.framework in Frameworks */,
				2A69B0851A0E0CB600CBDDE4 /* Bolts.framework in Frameworks */,
				2A69B0881A0E0CB600CBDDE4 /* ParseUI.framework in Frameworks */,
			);
			runOnlyForDeploymentPostprocessing = 0;
		};
		2A69B06E1A0E0C3000CBDDE4 /* Frameworks */ = {
			isa = PBXFrameworksBuildPhase;
			buildActionMask = 2147483647;
			files = (
			);
			runOnlyForDeploymentPostprocessing = 0;
		};
/* End PBXFrameworksBuildPhase section */

/* Begin PBXGroup section */
		2A69B0501A0E0C3000CBDDE4 = {
			isa = PBXGroup;
			children = (
				2A69B05B1A0E0C3000CBDDE4 /* Spontaneity */,
				2A69B0741A0E0C3000CBDDE4 /* SpontaneityTests */,
				2A69B05A1A0E0C3000CBDDE4 /* Products */,
				2A69B0891A0E0CC400CBDDE4 /* Parse */,
				2A69B0A01A0E0DB800CBDDE4 /* Other Frameworks */,
			);
			sourceTree = "<group>";
		};
		2A69B05A1A0E0C3000CBDDE4 /* Products */ = {
			isa = PBXGroup;
			children = (
				2A69B0591A0E0C3000CBDDE4 /* Spontaneity.app */,
				2A69B0711A0E0C3000CBDDE4 /* SpontaneityTests.xctest */,
			);
			name = Products;
			sourceTree = "<group>";
		};
		2A69B05B1A0E0C3000CBDDE4 /* Spontaneity */ = {
			isa = PBXGroup;
			children = (
				2A69B0A91A0E229D00CBDDE4 /* Welcome */,
				2A69B0C31A0E29FC00CBDDE4 /* Main Tab Bar */,
				2A69B0B41A0E27AC00CBDDE4 /* Groups */,
				2A69B05E1A0E0C3000CBDDE4 /* AppDelegate.swift */,
				2A69B0651A0E0C3000CBDDE4 /* Main.storyboard */,
				2A69B0681A0E0C3000CBDDE4 /* Images.xcassets */,
				2A69B06A1A0E0C3000CBDDE4 /* LaunchScreen.xib */,
				2A69B0601A0E0C3000CBDDE4 /* Spontaneity.xcdatamodeld */,
				2A69B05C1A0E0C3000CBDDE4 /* Supporting Files */,
			);
			path = Spontaneity;
			sourceTree = "<group>";
		};
		2A69B05C1A0E0C3000CBDDE4 /* Supporting Files */ = {
			isa = PBXGroup;
			children = (
				2A69B05D1A0E0C3000CBDDE4 /* Info.plist */,
			);
			name = "Supporting Files";
			sourceTree = "<group>";
		};
		2A69B0741A0E0C3000CBDDE4 /* SpontaneityTests */ = {
			isa = PBXGroup;
			children = (
				2A69B0771A0E0C3000CBDDE4 /* SpontaneityTests.swift */,
				2A69B0751A0E0C3000CBDDE4 /* Supporting Files */,
			);
			path = SpontaneityTests;
			sourceTree = "<group>";
		};
		2A69B0751A0E0C3000CBDDE4 /* Supporting Files */ = {
			isa = PBXGroup;
			children = (
				2A69B0761A0E0C3000CBDDE4 /* Info.plist */,
			);
			name = "Supporting Files";
			sourceTree = "<group>";
		};
		2A69B0891A0E0CC400CBDDE4 /* Parse */ = {
			isa = PBXGroup;
			children = (
				2A69B0D71A0E3F2D00CBDDE4 /* ParseFacebookUtils.framework */,
				2A69B0D51A0E3E1600CBDDE4 /* FacebookSDK.framework */,
				2A69B09F1A0E0D7200CBDDE4 /* New Group */,
				2A69B0811A0E0CB600CBDDE4 /* Bolts.framework */,
				2A69B0821A0E0CB600CBDDE4 /* Parse.framework */,
				2A69B0841A0E0CB600CBDDE4 /* ParseUI.framework */,
			);
			name = Parse;
			sourceTree = "<group>";
		};
		2A69B09F1A0E0D7200CBDDE4 /* New Group */ = {
			isa = PBXGroup;
			children = (
				2A69B09E1A0E0D7200CBDDE4 /* Spontaneity.xcodeproj */,
			);
			name = "New Group";
			path = Spontaneity.xcodeproj;
			sourceTree = "<group>";
		};
		2A69B0A01A0E0DB800CBDDE4 /* Other Frameworks */ = {
			isa = PBXGroup;
			children = (
				2A69B0A71A0E1E5900CBDDE4 /* Accounts.framework */,
				2A69B0A51A0E1E3600CBDDE4 /* Social.framework */,
				2A69B0A31A0E1E1C00CBDDE4 /* Twitter.framework */,
				2A69B09C1A0E0D4F00CBDDE4 /* SystemConfiguration.framework */,
				2A69B09A1A0E0D4800CBDDE4 /* StoreKit.framework */,
				2A69B0981A0E0D4100CBDDE4 /* Security.framework */,
				2A69B0961A0E0D3C00CBDDE4 /* QuartzCore.framework */,
				2A69B0941A0E0D3700CBDDE4 /* MobileCoreServices.framework */,
				2A69B0921A0E0D3000CBDDE4 /* libz.dylib */,
				2A69B0901A0E0D2A00CBDDE4 /* CoreLocation.framework */,
				2A69B08E1A0E0D2300CBDDE4 /* CoreGraphics.framework */,
				2A69B08C1A0E0D1D00CBDDE4 /* CFNetwork.framework */,
				2A69B08A1A0E0D1700CBDDE4 /* AudioToolbox.framework */,
			);
			name = "Other Frameworks";
			sourceTree = "<group>";
		};
		2A69B0A91A0E229D00CBDDE4 /* Welcome */ = {
			isa = PBXGroup;
			children = (
				2A69B0DD1A0E9B9500CBDDE4 /* FB-fLogo-online-broadcast.png */,
				2A69B0AE1A0E245100CBDDE4 /* WelcomeViewController.swift */,
				2A69B0DF1A0ED32500CBDDE4 /* JoinViewController.swift */,
				2A69B0E11A0EE77E00CBDDE4 /* LoginViewController.swift */,
			);
			name = Welcome;
			sourceTree = "<group>";
		};
		2A69B0B41A0E27AC00CBDDE4 /* Groups */ = {
			isa = PBXGroup;
			children = (
				2A69B0CC1A0E2E6C00CBDDE4 /* Settings Icons */,
				2A69B0BE1A0E283900CBDDE4 /* People Icons */,
				2A69B0BD1A0E282F00CBDDE4 /* Groups Icons */,
				2A69B0C61A0E2C7100CBDDE4 /* PeopleViewController.swift */,
				2A69B0E31A0EF1A200CBDDE4 /* ProfileViewController.swift */,
			);
			name = Groups;
			sourceTree = "<group>";
		};
		2A69B0BD1A0E282F00CBDDE4 /* Groups Icons */ = {
			isa = PBXGroup;
			children = (
				2A69B0B01A0E27AA00CBDDE4 /* 974-users.png */,
				2A69B0B11A0E27AA00CBDDE4 /* 974-users@2x.png */,
			);
			name = "Groups Icons";
			sourceTree = "<group>";
		};
		2A69B0BE1A0E283900CBDDE4 /* People Icons */ = {
			isa = PBXGroup;
			children = (
				2A69B0D11A0E324300CBDDE4 /* UIImage+GKContact.h */,
				2A69B0D31A0E324B00CBDDE4 /* UIImage+GKContact.m */,
				2A69B0B91A0E282D00CBDDE4 /* 769-male.png */,
				2A69B0BA1A0E282D00CBDDE4 /* 769-male@2x.png */,
				2A69B0D21A0E324A00CBDDE4 /* Spontaneity-Bridging-Header.h */,
			);
			name = "People Icons";
			sourceTree = "<group>";
		};
		2A69B0C31A0E29FC00CBDDE4 /* Main Tab Bar */ = {
			isa = PBXGroup;
			children = (
				2A69B0C41A0E2A1B00CBDDE4 /* MainTabBarViewController.swift */,
			);
			name = "Main Tab Bar";
			sourceTree = "<group>";
		};
		2A69B0CC1A0E2E6C00CBDDE4 /* Settings Icons */ = {
			isa = PBXGroup;
			children = (
				2A69B0C81A0E2E5600CBDDE4 /* 740-gear.png */,
				2A69B0C91A0E2E5600CBDDE4 /* 740-gear@2x.png */,
			);
			name = "Settings Icons";
			sourceTree = "<group>";
		};
		2A69B0D91A0E3FA700CBDDE4 /* Products */ = {
			isa = PBXGroup;
			name = Products;
			sourceTree = "<group>";
		};
/* End PBXGroup section */

/* Begin PBXNativeTarget section */
		2A69B0581A0E0C3000CBDDE4 /* Spontaneity */ = {
			isa = PBXNativeTarget;
			buildConfigurationList = 2A69B07B1A0E0C3000CBDDE4 /* Build configuration list for PBXNativeTarget "Spontaneity" */;
			buildPhases = (
				2A69B0551A0E0C3000CBDDE4 /* Sources */,
				2A69B0561A0E0C3000CBDDE4 /* Frameworks */,
				2A69B0571A0E0C3000CBDDE4 /* Resources */,
			);
			buildRules = (
			);
			dependencies = (
			);
			name = Spontaneity;
			productName = Spontaneity;
			productReference = 2A69B0591A0E0C3000CBDDE4 /* Spontaneity.app */;
			productType = "com.apple.product-type.application";
		};
		2A69B0701A0E0C3000CBDDE4 /* SpontaneityTests */ = {
			isa = PBXNativeTarget;
			buildConfigurationList = 2A69B07E1A0E0C3000CBDDE4 /* Build configuration list for PBXNativeTarget "SpontaneityTests" */;
			buildPhases = (
				2A69B06D1A0E0C3000CBDDE4 /* Sources */,
				2A69B06E1A0E0C3000CBDDE4 /* Frameworks */,
				2A69B06F1A0E0C3000CBDDE4 /* Resources */,
			);
			buildRules = (
			);
			dependencies = (
				2A69B0731A0E0C3000CBDDE4 /* PBXTargetDependency */,
			);
			name = SpontaneityTests;
			productName = SpontaneityTests;
			productReference = 2A69B0711A0E0C3000CBDDE4 /* SpontaneityTests.xctest */;
			productType = "com.apple.product-type.bundle.unit-test";
		};
/* End PBXNativeTarget section */

/* Begin PBXProject section */
		2A69B0511A0E0C3000CBDDE4 /* Project object */ = {
			isa = PBXProject;
			attributes = {
				LastUpgradeCheck = 0610;
				ORGANIZATIONNAME = "SwatTech, LLC";
				TargetAttributes = {
					2A69B0581A0E0C3000CBDDE4 = {
						CreatedOnToolsVersion = 6.1;
						DevelopmentTeam = 5H327CRPJ5;
					};
					2A69B0701A0E0C3000CBDDE4 = {
						CreatedOnToolsVersion = 6.1;
						TestTargetID = 2A69B0581A0E0C3000CBDDE4;
					};
				};
			};
			buildConfigurationList = 2A69B0541A0E0C3000CBDDE4 /* Build configuration list for PBXProject "Spontaneity" */;
			compatibilityVersion = "Xcode 3.2";
			developmentRegion = English;
			hasScannedForEncodings = 0;
			knownRegions = (
				en,
				Base,
			);
			mainGroup = 2A69B0501A0E0C3000CBDDE4;
			productRefGroup = 2A69B05A1A0E0C3000CBDDE4 /* Products */;
			projectDirPath = "";
			projectReferences = (
				{
					ProductGroup = 2A69B0D91A0E3FA700CBDDE4 /* Products */;
					ProjectRef = 2A69B09E1A0E0D7200CBDDE4 /* Spontaneity.xcodeproj */;
				},
			);
			projectRoot = "";
			targets = (
				2A69B0581A0E0C3000CBDDE4 /* Spontaneity */,
				2A69B0701A0E0C3000CBDDE4 /* SpontaneityTests */,
			);
		};
/* End PBXProject section */

/* Begin PBXResourcesBuildPhase section */
		2A69B0571A0E0C3000CBDDE4 /* Resources */ = {
			isa = PBXResourcesBuildPhase;
			buildActionMask = 2147483647;
			files = (
				2A69B0CA1A0E2E5600CBDDE4 /* 740-gear.png in Resources */,
				2A69B0BC1A0E282D00CBDDE4 /* 769-male@2x.png in Resources */,
				2A69B0DE1A0E9B9500CBDDE4 /* FB-fLogo-online-broadcast.png in Resources */,
				2A69B0B31A0E27AA00CBDDE4 /* 974-users@2x.png in Resources */,
				2A69B0671A0E0C3000CBDDE4 /* Main.storyboard in Resources */,
				2A69B06C1A0E0C3000CBDDE4 /* LaunchScreen.xib in Resources */,
				2A69B0B21A0E27AA00CBDDE4 /* 974-users.png in Resources */,
				2A69B0691A0E0C3000CBDDE4 /* Images.xcassets in Resources */,
				2A69B0BB1A0E282D00CBDDE4 /* 769-male.png in Resources */,
				2A69B0CB1A0E2E5600CBDDE4 /* 740-gear@2x.png in Resources */,
			);
			runOnlyForDeploymentPostprocessing = 0;
		};
		2A69B06F1A0E0C3000CBDDE4 /* Resources */ = {
			isa = PBXResourcesBuildPhase;
			buildActionMask = 2147483647;
			files = (
			);
			runOnlyForDeploymentPostprocessing = 0;
		};
/* End PBXResourcesBuildPhase section */

/* Begin PBXSourcesBuildPhase section */
		2A69B0551A0E0C3000CBDDE4 /* Sources */ = {
			isa = PBXSourcesBuildPhase;
			buildActionMask = 2147483647;
			files = (
				2A69B0C71A0E2C7100CBDDE4 /* PeopleViewController.swift in Sources */,
				2A69B0AF1A0E245100CBDDE4 /* WelcomeViewController.swift in Sources */,
				2A69B0C51A0E2A1B00CBDDE4 /* MainTabBarViewController.swift in Sources */,
				2A69B0621A0E0C3000CBDDE4 /* Spontaneity.xcdatamodeld in Sources */,
				2A69B0E21A0EE77E00CBDDE4 /* LoginViewController.swift in Sources */,
				2A69B0D41A0E324B00CBDDE4 /* UIImage+GKContact.m in Sources */,
				2A69B0E41A0EF1A200CBDDE4 /* ProfileViewController.swift in Sources */,
				2A69B05F1A0E0C3000CBDDE4 /* AppDelegate.swift in Sources */,
				2A69B0E01A0ED32500CBDDE4 /* JoinViewController.swift in Sources */,
			);
			runOnlyForDeploymentPostprocessing = 0;
		};
		2A69B06D1A0E0C3000CBDDE4 /* Sources */ = {
			isa = PBXSourcesBuildPhase;
			buildActionMask = 2147483647;
			files = (
				2A69B0781A0E0C3000CBDDE4 /* SpontaneityTests.swift in Sources */,
			);
			runOnlyForDeploymentPostprocessing = 0;
		};
/* End PBXSourcesBuildPhase section */

/* Begin PBXTargetDependency section */
		2A69B0731A0E0C3000CBDDE4 /* PBXTargetDependency */ = {
			isa = PBXTargetDependency;
			target = 2A69B0581A0E0C3000CBDDE4 /* Spontaneity */;
			targetProxy = 2A69B0721A0E0C3000CBDDE4 /* PBXContainerItemProxy */;
		};
/* End PBXTargetDependency section */

/* Begin PBXVariantGroup section */
		2A69B0651A0E0C3000CBDDE4 /* Main.storyboard */ = {
			isa = PBXVariantGroup;
			children = (
				2A69B0661A0E0C3000CBDDE4 /* Base */,
			);
			name = Main.storyboard;
			sourceTree = "<group>";
		};
		2A69B06A1A0E0C3000CBDDE4 /* LaunchScreen.xib */ = {
			isa = PBXVariantGroup;
			children = (
				2A69B06B1A0E0C3000CBDDE4 /* Base */,
			);
			name = LaunchScreen.xib;
			sourceTree = "<group>";
		};
/* End PBXVariantGroup section */

/* Begin XCBuildConfiguration section */
		2A69B0791A0E0C3000CBDDE4 /* Debug */ = {
			isa = XCBuildConfiguration;
			buildSettings = {
				ALWAYS_SEARCH_USER_PATHS = NO;
				CLANG_CXX_LANGUAGE_STANDARD = "gnu++0x";
				CLANG_CXX_LIBRARY = "libc++";
				CLANG_ENABLE_MODULES = YES;
				CLANG_ENABLE_OBJC_ARC = YES;
				CLANG_WARN_BOOL_CONVERSION = YES;
				CLANG_WARN_CONSTANT_CONVERSION = YES;
				CLANG_WARN_DIRECT_OBJC_ISA_USAGE = YES_ERROR;
				CLANG_WARN_EMPTY_BODY = YES;
				CLANG_WARN_ENUM_CONVERSION = YES;
				CLANG_WARN_INT_CONVERSION = YES;
				CLANG_WARN_OBJC_ROOT_CLASS = YES_ERROR;
				CLANG_WARN_UNREACHABLE_CODE = YES;
				CLANG_WARN__DUPLICATE_METHOD_MATCH = YES;
				"CODE_SIGN_IDENTITY[sdk=iphoneos*]" = "iPhone Developer";
				COPY_PHASE_STRIP = NO;
				ENABLE_STRICT_OBJC_MSGSEND = YES;
				GCC_C_LANGUAGE_STANDARD = gnu99;
				GCC_DYNAMIC_NO_PIC = NO;
				GCC_OPTIMIZATION_LEVEL = 0;
				GCC_PREPROCESSOR_DEFINITIONS = (
					"DEBUG=1",
					"$(inherited)",
				);
				GCC_SYMBOLS_PRIVATE_EXTERN = NO;
				GCC_WARN_64_TO_32_BIT_CONVERSION = YES;
				GCC_WARN_ABOUT_RETURN_TYPE = YES_ERROR;
				GCC_WARN_UNDECLARED_SELECTOR = YES;
				GCC_WARN_UNINITIALIZED_AUTOS = YES_AGGRESSIVE;
				GCC_WARN_UNUSED_FUNCTION = YES;
				GCC_WARN_UNUSED_VARIABLE = YES;
				IPHONEOS_DEPLOYMENT_TARGET = 8.1;
				MTL_ENABLE_DEBUG_INFO = YES;
				ONLY_ACTIVE_ARCH = YES;
				SDKROOT = iphoneos;
				SWIFT_OPTIMIZATION_LEVEL = "-Onone";
				TARGETED_DEVICE_FAMILY = "1,2";
			};
			name = Debug;
		};
		2A69B07A1A0E0C3000CBDDE4 /* Release */ = {
			isa = XCBuildConfiguration;
			buildSettings = {
				ALWAYS_SEARCH_USER_PATHS = NO;
				CLANG_CXX_LANGUAGE_STANDARD = "gnu++0x";
				CLANG_CXX_LIBRARY = "libc++";
				CLANG_ENABLE_MODULES = YES;
				CLANG_ENABLE_OBJC_ARC = YES;
				CLANG_WARN_BOOL_CONVERSION = YES;
				CLANG_WARN_CONSTANT_CONVERSION = YES;
				CLANG_WARN_DIRECT_OBJC_ISA_USAGE = YES_ERROR;
				CLANG_WARN_EMPTY_BODY = YES;
				CLANG_WARN_ENUM_CONVERSION = YES;
				CLANG_WARN_INT_CONVERSION = YES;
				CLANG_WARN_OBJC_ROOT_CLASS = YES_ERROR;
				CLANG_WARN_UNREACHABLE_CODE = YES;
				CLANG_WARN__DUPLICATE_METHOD_MATCH = YES;
				"CODE_SIGN_IDENTITY[sdk=iphoneos*]" = "iPhone Developer";
				COPY_PHASE_STRIP = YES;
				ENABLE_NS_ASSERTIONS = NO;
				ENABLE_STRICT_OBJC_MSGSEND = YES;
				GCC_C_LANGUAGE_STANDARD = gnu99;
				GCC_WARN_64_TO_32_BIT_CONVERSION = YES;
				GCC_WARN_ABOUT_RETURN_TYPE = YES_ERROR;
				GCC_WARN_UNDECLARED_SELECTOR = YES;
				GCC_WARN_UNINITIALIZED_AUTOS = YES_AGGRESSIVE;
				GCC_WARN_UNUSED_FUNCTION = YES;
				GCC_WARN_UNUSED_VARIABLE = YES;
				IPHONEOS_DEPLOYMENT_TARGET = 8.1;
				MTL_ENABLE_DEBUG_INFO = NO;
				SDKROOT = iphoneos;
				TARGETED_DEVICE_FAMILY = "1,2";
				VALIDATE_PRODUCT = YES;
			};
			name = Release;
		};
		2A69B07C1A0E0C3000CBDDE4 /* Debug */ = {
			isa = XCBuildConfiguration;
			buildSettings = {
				ASSETCATALOG_COMPILER_APPICON_NAME = AppIcon;
				CLANG_ENABLE_MODULES = YES;
				CODE_SIGN_IDENTITY = "iPhone Developer";
				"CODE_SIGN_IDENTITY[sdk=iphoneos*]" = "iPhone Developer";
				FRAMEWORK_SEARCH_PATHS = (
					"$(inherited)",
					"$(PROJECT_DIR)",
				);
				INFOPLIST_FILE = Spontaneity/Info.plist;
				LD_RUNPATH_SEARCH_PATHS = "$(inherited) @executable_path/Frameworks";
				PRODUCT_NAME = "$(TARGET_NAME)";
				PROVISIONING_PROFILE = "";
				SWIFT_OBJC_BRIDGING_HEADER = "Spontaneity/Spontaneity-Bridging-Header.h";
				SWIFT_OPTIMIZATION_LEVEL = "-Onone";
			};
			name = Debug;
		};
		2A69B07D1A0E0C3000CBDDE4 /* Release */ = {
			isa = XCBuildConfiguration;
			buildSettings = {
				ASSETCATALOG_COMPILER_APPICON_NAME = AppIcon;
				CLANG_ENABLE_MODULES = YES;
				CODE_SIGN_IDENTITY = "iPhone Developer";
				"CODE_SIGN_IDENTITY[sdk=iphoneos*]" = "iPhone Developer";
				FRAMEWORK_SEARCH_PATHS = (
					"$(inherited)",
					"$(PROJECT_DIR)",
				);
				INFOPLIST_FILE = Spontaneity/Info.plist;
				LD_RUNPATH_SEARCH_PATHS = "$(inherited) @executable_path/Frameworks";
				PRODUCT_NAME = "$(TARGET_NAME)";
				PROVISIONING_PROFILE = "";
				SWIFT_OBJC_BRIDGING_HEADER = "Spontaneity/Spontaneity-Bridging-Header.h";
			};
			name = Release;
		};
		2A69B07F1A0E0C3000CBDDE4 /* Debug */ = {
			isa = XCBuildConfiguration;
			buildSettings = {
				BUNDLE_LOADER = "$(TEST_HOST)";
				FRAMEWORK_SEARCH_PATHS = (
					"$(SDKROOT)/Developer/Library/Frameworks",
					"$(inherited)",
				);
				GCC_PREPROCESSOR_DEFINITIONS = (
					"DEBUG=1",
					"$(inherited)",
				);
				INFOPLIST_FILE = SpontaneityTests/Info.plist;
				LD_RUNPATH_SEARCH_PATHS = "$(inherited) @executable_path/Frameworks @loader_path/Frameworks";
				PRODUCT_NAME = "$(TARGET_NAME)";
				TEST_HOST = "$(BUILT_PRODUCTS_DIR)/Spontaneity.app/Spontaneity";
			};
			name = Debug;
		};
		2A69B0801A0E0C3000CBDDE4 /* Release */ = {
			isa = XCBuildConfiguration;
			buildSettings = {
				BUNDLE_LOADER = "$(TEST_HOST)";
				FRAMEWORK_SEARCH_PATHS = (
					"$(SDKROOT)/Developer/Library/Frameworks",
					"$(inherited)",
				);
				INFOPLIST_FILE = SpontaneityTests/Info.plist;
				LD_RUNPATH_SEARCH_PATHS = "$(inherited) @executable_path/Frameworks @loader_path/Frameworks";
				PRODUCT_NAME = "$(TARGET_NAME)";
				TEST_HOST = "$(BUILT_PRODUCTS_DIR)/Spontaneity.app/Spontaneity";
			};
			name = Release;
		};
/* End XCBuildConfiguration section */

/* Begin XCConfigurationList section */
		2A69B0541A0E0C3000CBDDE4 /* Build configuration list for PBXProject "Spontaneity" */ = {
			isa = XCConfigurationList;
			buildConfigurations = (
				2A69B0791A0E0C3000CBDDE4 /* Debug */,
				2A69B07A1A0E0C3000CBDDE4 /* Release */,
			);
			defaultConfigurationIsVisible = 0;
			defaultConfigurationName = Release;
		};
		2A69B07B1A0E0C3000CBDDE4 /* Build configuration list for PBXNativeTarget "Spontaneity" */ = {
			isa = XCConfigurationList;
			buildConfigurations = (
				2A69B07C1A0E0C3000CBDDE4 /* Debug */,
				2A69B07D1A0E0C3000CBDDE4 /* Release */,
			);
			defaultConfigurationIsVisible = 0;
			defaultConfigurationName = Release;
		};
		2A69B07E1A0E0C3000CBDDE4 /* Build configuration list for PBXNativeTarget "SpontaneityTests" */ = {
			isa = XCConfigurationList;
			buildConfigurations = (
				2A69B07F1A0E0C3000CBDDE4 /* Debug */,
				2A69B0801A0E0C3000CBDDE4 /* Release */,
			);
			defaultConfigurationIsVisible = 0;
			defaultConfigurationName = Release;
		};
/* End XCConfigurationList section */

/* Begin XCVersionGroup section */
		2A69B0601A0E0C3000CBDDE4 /* Spontaneity.xcdatamodeld */ = {
			isa = XCVersionGroup;
			children = (
				2A69B0611A0E0C3000CBDDE4 /* Spontaneity.xcdatamodel */,
			);
			currentVersion = 2A69B0611A0E0C3000CBDDE4 /* Spontaneity.xcdatamodel */;
			path = Spontaneity.xcdatamodeld;
			sourceTree = "<group>";
			versionGroupType = wrapper.xcdatamodel;
		};
/* End XCVersionGroup section */
	};
	rootObject = 2A69B0511A0E0C3000CBDDE4 /* Project object */;
}
